
Microsoft Visual Studio Solution File, Format Version 12.00
# Visual Studio 15
Project("{FAE04EC0-301F-11D3-BF4B-00C04F79EFBC}") = "Assembly-CSharp", "Assembly-CSharp.csproj", "{F607958F-0764-A4B4-D102-9D35533ACBBD}"
EndProject
Global
	GlobalSection(SolutionConfigurationPlatforms) = preSolution
		Debug|Any CPU = Debug|Any CPU
		Release|Any CPU = Release|Any CPU
	EndGlobalSection
	GlobalSection(ProjectConfigurationPlatforms) = postSolution
		{F607958F-0764-A4B4-D102-9D35533ACBBD}.Debug|Any CPU.ActiveCfg = Debug|Any CPU
		{F607958F-0764-A4B4-D102-9D35533ACBBD}.Debug|Any CPU.Build.0 = Debug|Any CPU
		{F607958F-0764-A4B4-D102-9D35533ACBBD}.Release|Any CPU.ActiveCfg = Release|Any CPU
		{F607958F-0764-A4B4-D102-9D35533ACBBD}.Release|Any CPU.Build.0 = Release|Any CPU
	EndGlobalSection
	GlobalSection(SolutionProperties) = preSolution
		HideSolutionNode = FALSE
	EndGlobalSection
EndGlobal
