
Microsoft Visual Studio Solution File, Format Version 12.00
# Visual Studio 15
Project("{FAE04EC0-301F-11D3-BF4B-00C04F79EFBC}") = "VuforiaScripts", "VuforiaScripts.csproj", "{25E15A5D-EBB6-7916-34AA-4C1586B4C210}"
EndProject
Project("{FAE04EC0-301F-11D3-BF4B-00C04F79EFBC}") = "Assembly-CSharp", "Assembly-CSharp.csproj", "{CED4FBB3-E28F-EBC0-D355-EB4D690EEF17}"
EndProject
Project("{FAE04EC0-301F-11D3-BF4B-00C04F79EFBC}") = "PathCreator", "PathCreator.csproj", "{5FC673BD-E313-97D5-8C58-F6AD0F815971}"
EndProject
Project("{FAE04EC0-301F-11D3-BF4B-00C04F79EFBC}") = "PathCreatorEditor", "PathCreatorEditor.csproj", "{48CCF22C-1A41-F516-F6C6-06618306BFD0}"
EndProject
Project("{FAE04EC0-301F-11D3-BF4B-00C04F79EFBC}") = "Assembly-CSharp-Editor", "Assembly-CSharp-Editor.csproj", "{22784D61-A99D-A04C-8218-F836C06B1320}"
EndProject
Project("{FAE04EC0-301F-11D3-BF4B-00C04F79EFBC}") = "VuforiaEditorScripts", "VuforiaEditorScripts.csproj", "{EB111E93-7454-6A14-BEC9-23074046CBBF}"
EndProject
Global
	GlobalSection(SolutionConfigurationPlatforms) = preSolution
		Debug|Any CPU = Debug|Any CPU
		Release|Any CPU = Release|Any CPU
	EndGlobalSection
	GlobalSection(ProjectConfigurationPlatforms) = postSolution
		{25E15A5D-EBB6-7916-34AA-4C1586B4C210}.Debug|Any CPU.ActiveCfg = Debug|Any CPU
		{25E15A5D-EBB6-7916-34AA-4C1586B4C210}.Debug|Any CPU.Build.0 = Debug|Any CPU
		{25E15A5D-EBB6-7916-34AA-4C1586B4C210}.Release|Any CPU.ActiveCfg = Release|Any CPU
		{25E15A5D-EBB6-7916-34AA-4C1586B4C210}.Release|Any CPU.Build.0 = Release|Any CPU
		{CED4FBB3-E28F-EBC0-D355-EB4D690EEF17}.Debug|Any CPU.ActiveCfg = Debug|Any CPU
		{CED4FBB3-E28F-EBC0-D355-EB4D690EEF17}.Debug|Any CPU.Build.0 = Debug|Any CPU
		{CED4FBB3-E28F-EBC0-D355-EB4D690EEF17}.Release|Any CPU.ActiveCfg = Release|Any CPU
		{CED4FBB3-E28F-EBC0-D355-EB4D690EEF17}.Release|Any CPU.Build.0 = Release|Any CPU
		{5FC673BD-E313-97D5-8C58-F6AD0F815971}.Debug|Any CPU.ActiveCfg = Debug|Any CPU
		{5FC673BD-E313-97D5-8C58-F6AD0F815971}.Debug|Any CPU.Build.0 = Debug|Any CPU
		{5FC673BD-E313-97D5-8C58-F6AD0F815971}.Release|Any CPU.ActiveCfg = Release|Any CPU
		{5FC673BD-E313-97D5-8C58-F6AD0F815971}.Release|Any CPU.Build.0 = Release|Any CPU
		{48CCF22C-1A41-F516-F6C6-06618306BFD0}.Debug|Any CPU.ActiveCfg = Debug|Any CPU
		{48CCF22C-1A41-F516-F6C6-06618306BFD0}.Debug|Any CPU.Build.0 = Debug|Any CPU
		{48CCF22C-1A41-F516-F6C6-06618306BFD0}.Release|Any CPU.ActiveCfg = Release|Any CPU
		{48CCF22C-1A41-F516-F6C6-06618306BFD0}.Release|Any CPU.Build.0 = Release|Any CPU
		{22784D61-A99D-A04C-8218-F836C06B1320}.Debug|Any CPU.ActiveCfg = Debug|Any CPU
		{22784D61-A99D-A04C-8218-F836C06B1320}.Debug|Any CPU.Build.0 = Debug|Any CPU
		{22784D61-A99D-A04C-8218-F836C06B1320}.Release|Any CPU.ActiveCfg = Release|Any CPU
		{22784D61-A99D-A04C-8218-F836C06B1320}.Release|Any CPU.Build.0 = Release|Any CPU
		{EB111E93-7454-6A14-BEC9-23074046CBBF}.Debug|Any CPU.ActiveCfg = Debug|Any CPU
		{EB111E93-7454-6A14-BEC9-23074046CBBF}.Debug|Any CPU.Build.0 = Debug|Any CPU
		{EB111E93-7454-6A14-BEC9-23074046CBBF}.Release|Any CPU.ActiveCfg = Release|Any CPU
		{EB111E93-7454-6A14-BEC9-23074046CBBF}.Release|Any CPU.Build.0 = Release|Any CPU
	EndGlobalSection
	GlobalSection(SolutionProperties) = preSolution
		HideSolutionNode = FALSE
	EndGlobalSection
	GlobalSection(MonoDevelopProperties) = preSolution
		StartupItem = Assembly-CSharp.csproj
	EndGlobalSection
EndGlobal
